{
  "originHash" : "fa3cc06fc6137b9cc47937348170c1b3b63b3385ed3664177dbfc2b2375ba3d2",
  "pins" : [
    {
      "identity" : "stripe-terminal-ios",
      "kind" : "remoteSourceControl",
      "location" : "https://github.com/stripe/stripe-terminal-ios",
      "state" : {
        "revision" : "3baa8280aeb36cd149f33b7f83bdbad8d33b46c3",
        "version" : "3.9.1"
      }
    }
  ],
  "version" : 3
}
